
Microsoft Visual Studio Solution File, Format Version 12.00
# Visual Studio 15
VisualStudioVersion = 15.0.28107.0
MinimumVisualStudioVersion = 10.0.40219.1
Project("{9A19103F-16F7-4668-BE54-9A1E7A4F7556}") = "Hacker1ProductsFuncApp", "Hacker1ProductsFuncApp\Hacker1ProductsFuncApp.csproj", "{3A952E40-5669-4622-AA98-3B29771DEB1C}"
EndProject
Global
	GlobalSection(SolutionConfigurationPlatforms) = preSolution
		Debug|Any CPU = Debug|Any CPU
		Release|Any CPU = Release|Any CPU
	EndGlobalSection
	GlobalSection(ProjectConfigurationPlatforms) = postSolution
		{3A952E40-5669-4622-AA98-3B29771DEB1C}.Debug|Any CPU.ActiveCfg = Debug|Any CPU
		{3A952E40-5669-4622-AA98-3B29771DEB1C}.Debug|Any CPU.Build.0 = Debug|Any CPU
		{3A952E40-5669-4622-AA98-3B29771DEB1C}.Release|Any CPU.ActiveCfg = Release|Any CPU
		{3A952E40-5669-4622-AA98-3B29771DEB1C}.Release|Any CPU.Build.0 = Release|Any CPU
	EndGlobalSection
	GlobalSection(SolutionProperties) = preSolution
		HideSolutionNode = FALSE
	EndGlobalSection
	GlobalSection(ExtensibilityGlobals) = postSolution
		SolutionGuid = {C4DC9E02-1B8A-4820-8A7A-569D9DA20E13}
	EndGlobalSection
EndGlobal
